
Microsoft Visual Studio Solution File, Format Version 12.00
# Visual Studio 15
VisualStudioVersion = 15.0.28307.102
MinimumVisualStudioVersion = 10.0.40219.1
Project("{8BC9CEB8-8B4A-11D0-8D11-00A0C91BC942}") = "CitiesGame", "CitiesGame\CitiesGame.vcxproj", "{4B357008-BC22-441C-BF22-1589ACF01562}"
EndProject
Global
	GlobalSection(SolutionConfigurationPlatforms) = preSolution
		Debug|x64 = Debug|x64
		Debug|x86 = Debug|x86
		Release|x64 = Release|x64
		Release|x86 = Release|x86
	EndGlobalSection
	GlobalSection(ProjectConfigurationPlatforms) = postSolution
		{4B357008-BC22-441C-BF22-1589ACF01562}.Debug|x64.ActiveCfg = Debug|x64
		{4B357008-BC22-441C-BF22-1589ACF01562}.Debug|x64.Build.0 = Debug|x64
		{4B357008-BC22-441C-BF22-1589ACF01562}.Debug|x86.ActiveCfg = Debug|Win32
		{4B357008-BC22-441C-BF22-1589ACF01562}.Debug|x86.Build.0 = Debug|Win32
		{4B357008-BC22-441C-BF22-1589ACF01562}.Release|x64.ActiveCfg = Release|x64
		{4B357008-BC22-441C-BF22-1589ACF01562}.Release|x64.Build.0 = Release|x64
		{4B357008-BC22-441C-BF22-1589ACF01562}.Release|x86.ActiveCfg = Release|Win32
		{4B357008-BC22-441C-BF22-1589ACF01562}.Release|x86.Build.0 = Release|Win32
	EndGlobalSection
	GlobalSection(SolutionProperties) = preSolution
		HideSolutionNode = FALSE
	EndGlobalSection
	GlobalSection(ExtensibilityGlobals) = postSolution
		SolutionGuid = {5648B7A7-D457-45EB-A41E-4D4F86A3AB18}
	EndGlobalSection
EndGlobal
